
Microsoft Visual Studio Solution File, Format Version 12.00
# Visual Studio Version 17
VisualStudioVersion = 17.0.31903.59
MinimumVisualStudioVersion = 10.0.40219.1
Project("{FAE04EC0-301F-11D3-BF4B-00C04F79EFBC}") = "LibreWms.Api", "LibreWms.Api\LibreWms.Api.csproj", "{A7596B67-54E7-45E4-BD88-ABDEECCE81AF}"
EndProject
Project("{FAE04EC0-301F-11D3-BF4B-00C04F79EFBC}") = "LibreWms.AppHost", "LibreWms.AppHost\LibreWms.AppHost.csproj", "{9BE0DAC4-0516-4D3D-A5BD-A84699B1FC2B}"
EndProject
Project("{FAE04EC0-301F-11D3-BF4B-00C04F79EFBC}") = "LibreWms.MigrationService", "LibreWms.MigrationService\LibreWms.MigrationService.csproj", "{A3B1B85B-92C6-A23E-CC68-8553338349B4}"
EndProject
Global
	GlobalSection(SolutionConfigurationPlatforms) = preSolution
		Debug|Any CPU = Debug|Any CPU
		Debug|x64 = Debug|x64
		Debug|x86 = Debug|x86
		Release|Any CPU = Release|Any CPU
		Release|x64 = Release|x64
		Release|x86 = Release|x86
	EndGlobalSection
	GlobalSection(ProjectConfigurationPlatforms) = postSolution
		{A7596B67-54E7-45E4-BD88-ABDEECCE81AF}.Debug|Any CPU.ActiveCfg = Debug|Any CPU
		{A7596B67-54E7-45E4-BD88-ABDEECCE81AF}.Debug|Any CPU.Build.0 = Debug|Any CPU
		{A7596B67-54E7-45E4-BD88-ABDEECCE81AF}.Debug|x64.ActiveCfg = Debug|Any CPU
		{A7596B67-54E7-45E4-BD88-ABDEECCE81AF}.Debug|x64.Build.0 = Debug|Any CPU
		{A7596B67-54E7-45E4-BD88-ABDEECCE81AF}.Debug|x86.ActiveCfg = Debug|Any CPU
		{A7596B67-54E7-45E4-BD88-ABDEECCE81AF}.Debug|x86.Build.0 = Debug|Any CPU
		{A7596B67-54E7-45E4-BD88-ABDEECCE81AF}.Release|Any CPU.ActiveCfg = Release|Any CPU
		{A7596B67-54E7-45E4-BD88-ABDEECCE81AF}.Release|Any CPU.Build.0 = Release|Any CPU
		{A7596B67-54E7-45E4-BD88-ABDEECCE81AF}.Release|x64.ActiveCfg = Release|Any CPU
		{A7596B67-54E7-45E4-BD88-ABDEECCE81AF}.Release|x64.Build.0 = Release|Any CPU
		{A7596B67-54E7-45E4-BD88-ABDEECCE81AF}.Release|x86.ActiveCfg = Release|Any CPU
		{A7596B67-54E7-45E4-BD88-ABDEECCE81AF}.Release|x86.Build.0 = Release|Any CPU
		{9BE0DAC4-0516-4D3D-A5BD-A84699B1FC2B}.Debug|Any CPU.ActiveCfg = Debug|Any CPU
		{9BE0DAC4-0516-4D3D-A5BD-A84699B1FC2B}.Debug|Any CPU.Build.0 = Debug|Any CPU
		{9BE0DAC4-0516-4D3D-A5BD-A84699B1FC2B}.Debug|x64.ActiveCfg = Debug|Any CPU
		{9BE0DAC4-0516-4D3D-A5BD-A84699B1FC2B}.Debug|x64.Build.0 = Debug|Any CPU
		{9BE0DAC4-0516-4D3D-A5BD-A84699B1FC2B}.Debug|x86.ActiveCfg = Debug|Any CPU
		{9BE0DAC4-0516-4D3D-A5BD-A84699B1FC2B}.Debug|x86.Build.0 = Debug|Any CPU
		{9BE0DAC4-0516-4D3D-A5BD-A84699B1FC2B}.Release|Any CPU.ActiveCfg = Release|Any CPU
		{9BE0DAC4-0516-4D3D-A5BD-A84699B1FC2B}.Release|Any CPU.Build.0 = Release|Any CPU
		{9BE0DAC4-0516-4D3D-A5BD-A84699B1FC2B}.Release|x64.ActiveCfg = Release|Any CPU
		{9BE0DAC4-0516-4D3D-A5BD-A84699B1FC2B}.Release|x64.Build.0 = Release|Any CPU
		{9BE0DAC4-0516-4D3D-A5BD-A84699B1FC2B}.Release|x86.ActiveCfg = Release|Any CPU
		{9BE0DAC4-0516-4D3D-A5BD-A84699B1FC2B}.Release|x86.Build.0 = Release|Any CPU
		{A3B1B85B-92C6-A23E-CC68-8553338349B4}.Debug|Any CPU.ActiveCfg = Debug|Any CPU
		{A3B1B85B-92C6-A23E-CC68-8553338349B4}.Debug|Any CPU.Build.0 = Debug|Any CPU
		{A3B1B85B-92C6-A23E-CC68-8553338349B4}.Debug|x64.ActiveCfg = Debug|Any CPU
		{A3B1B85B-92C6-A23E-CC68-8553338349B4}.Debug|x64.Build.0 = Debug|Any CPU
		{A3B1B85B-92C6-A23E-CC68-8553338349B4}.Debug|x86.ActiveCfg = Debug|Any CPU
		{A3B1B85B-92C6-A23E-CC68-8553338349B4}.Debug|x86.Build.0 = Debug|Any CPU
		{A3B1B85B-92C6-A23E-CC68-8553338349B4}.Release|Any CPU.ActiveCfg = Release|Any CPU
		{A3B1B85B-92C6-A23E-CC68-8553338349B4}.Release|Any CPU.Build.0 = Release|Any CPU
		{A3B1B85B-92C6-A23E-CC68-8553338349B4}.Release|x64.ActiveCfg = Release|Any CPU
		{A3B1B85B-92C6-A23E-CC68-8553338349B4}.Release|x64.Build.0 = Release|Any CPU
		{A3B1B85B-92C6-A23E-CC68-8553338349B4}.Release|x86.ActiveCfg = Release|Any CPU
		{A3B1B85B-92C6-A23E-CC68-8553338349B4}.Release|x86.Build.0 = Release|Any CPU
	EndGlobalSection
	GlobalSection(SolutionProperties) = preSolution
		HideSolutionNode = FALSE
	EndGlobalSection
EndGlobal
