
Microsoft Visual Studio Solution File, Format Version 12.00
# Visual Studio Version 17
VisualStudioVersion = 17.10.35122.118
MinimumVisualStudioVersion = 10.0.40219.1
Project("{2150E333-8FDC-42A3-9474-1A3956D46DE8}") = "src", "src", "{B2F2E01D-6EF9-4940-BAEB-D1AD9FA27627}"
EndProject
Project("{2150E333-8FDC-42A3-9474-1A3956D46DE8}") = "tests", "tests", "{34E4E7DB-9771-4574-BF0C-709AEE0CC668}"
EndProject
Project("{FAE04EC0-301F-11D3-BF4B-00C04F79EFBC}") = "LibreWms.Gateway", "src\LibreWms.Gateway\LibreWms.Gateway.csproj", "{839942B0-79FC-4337-9C7C-335BFB906B41}"
EndProject
Project("{2150E333-8FDC-42A3-9474-1A3956D46DE8}") = "Gateway", "Gateway", "{8B389C68-9181-4260-B7D6-50659EA459DE}"
EndProject
Project("{2150E333-8FDC-42A3-9474-1A3956D46DE8}") = "Modules", "Modules", "{152074E3-F5E4-4124-913F-D66F6703CAAF}"
EndProject
Project("{2150E333-8FDC-42A3-9474-1A3956D46DE8}") = "BuildingBlocks", "BuildingBlocks", "{761D8979-9F3A-40EB-AA85-EA1BF18D28C9}"
EndProject
Project("{2150E333-8FDC-42A3-9474-1A3956D46DE8}") = "Products", "Products", "{89DD0F41-C9F3-43D5-AA5F-125EE07D59B7}"
EndProject
Project("{2150E333-8FDC-42A3-9474-1A3956D46DE8}") = "Functions", "Functions", "{2CA04A30-DFC9-422C-BF1A-ABE7CE141E57}"
EndProject
Project("{FAE04EC0-301F-11D3-BF4B-00C04F79EFBC}") = "Products.Infrastructure.Data", "src\Modules\Products\Products.Infrastructure.Data\Products.Infrastructure.Data.csproj", "{AC01F281-1E56-4377-AF2C-B4927EECBFDC}"
EndProject
Project("{FAE04EC0-301F-11D3-BF4B-00C04F79EFBC}") = "Products.Domain", "src\Modules\Products\Products.Domain\Products.Domain.csproj", "{2382363E-6D13-431F-B0F9-8066733E5649}"
EndProject
Global
	GlobalSection(SolutionConfigurationPlatforms) = preSolution
		Debug|Any CPU = Debug|Any CPU
		Release|Any CPU = Release|Any CPU
	EndGlobalSection
	GlobalSection(ProjectConfigurationPlatforms) = postSolution
		{839942B0-79FC-4337-9C7C-335BFB906B41}.Debug|Any CPU.ActiveCfg = Debug|Any CPU
		{839942B0-79FC-4337-9C7C-335BFB906B41}.Debug|Any CPU.Build.0 = Debug|Any CPU
		{839942B0-79FC-4337-9C7C-335BFB906B41}.Release|Any CPU.ActiveCfg = Release|Any CPU
		{839942B0-79FC-4337-9C7C-335BFB906B41}.Release|Any CPU.Build.0 = Release|Any CPU
		{AC01F281-1E56-4377-AF2C-B4927EECBFDC}.Debug|Any CPU.ActiveCfg = Debug|Any CPU
		{AC01F281-1E56-4377-AF2C-B4927EECBFDC}.Debug|Any CPU.Build.0 = Debug|Any CPU
		{AC01F281-1E56-4377-AF2C-B4927EECBFDC}.Release|Any CPU.ActiveCfg = Release|Any CPU
		{AC01F281-1E56-4377-AF2C-B4927EECBFDC}.Release|Any CPU.Build.0 = Release|Any CPU
		{2382363E-6D13-431F-B0F9-8066733E5649}.Debug|Any CPU.ActiveCfg = Debug|Any CPU
		{2382363E-6D13-431F-B0F9-8066733E5649}.Debug|Any CPU.Build.0 = Debug|Any CPU
		{2382363E-6D13-431F-B0F9-8066733E5649}.Release|Any CPU.ActiveCfg = Release|Any CPU
		{2382363E-6D13-431F-B0F9-8066733E5649}.Release|Any CPU.Build.0 = Release|Any CPU
	EndGlobalSection
	GlobalSection(SolutionProperties) = preSolution
		HideSolutionNode = FALSE
	EndGlobalSection
	GlobalSection(NestedProjects) = preSolution
		{839942B0-79FC-4337-9C7C-335BFB906B41} = {8B389C68-9181-4260-B7D6-50659EA459DE}
		{8B389C68-9181-4260-B7D6-50659EA459DE} = {B2F2E01D-6EF9-4940-BAEB-D1AD9FA27627}
		{152074E3-F5E4-4124-913F-D66F6703CAAF} = {B2F2E01D-6EF9-4940-BAEB-D1AD9FA27627}
		{761D8979-9F3A-40EB-AA85-EA1BF18D28C9} = {B2F2E01D-6EF9-4940-BAEB-D1AD9FA27627}
		{89DD0F41-C9F3-43D5-AA5F-125EE07D59B7} = {152074E3-F5E4-4124-913F-D66F6703CAAF}
		{2CA04A30-DFC9-422C-BF1A-ABE7CE141E57} = {B2F2E01D-6EF9-4940-BAEB-D1AD9FA27627}
		{AC01F281-1E56-4377-AF2C-B4927EECBFDC} = {89DD0F41-C9F3-43D5-AA5F-125EE07D59B7}
		{2382363E-6D13-431F-B0F9-8066733E5649} = {89DD0F41-C9F3-43D5-AA5F-125EE07D59B7}
	EndGlobalSection
	GlobalSection(ExtensibilityGlobals) = postSolution
		SolutionGuid = {B699FBAB-68AD-4528-A53C-B21E3B4AABCD}
	EndGlobalSection
EndGlobal
